
Microsoft Visual Studio Solution File, Format Version 12.00
# Visual Studio Version 17
VisualStudioVersion = 17.8.34408.163
MinimumVisualStudioVersion = 10.0.40219.1
Project("{8BC9CEB8-8B4A-11D0-8D11-00A0C91BC942}") = "SP 10 - Sum id Matrix", "SP 10 - Sum id Matrix\SP 10 - Sum id Matrix.vcxproj", "{87ECBDFE-C53A-4338-B288-69117C71BC66}"
EndProject
Global
	GlobalSection(SolutionConfigurationPlatforms) = preSolution
		Debug|x64 = Debug|x64
		Debug|x86 = Debug|x86
		Release|x64 = Release|x64
		Release|x86 = Release|x86
	EndGlobalSection
	GlobalSection(ProjectConfigurationPlatforms) = postSolution
		{87ECBDFE-C53A-4338-B288-69117C71BC66}.Debug|x64.ActiveCfg = Debug|x64
		{87ECBDFE-C53A-4338-B288-69117C71BC66}.Debug|x64.Build.0 = Debug|x64
		{87ECBDFE-C53A-4338-B288-69117C71BC66}.Debug|x86.ActiveCfg = Debug|Win32
		{87ECBDFE-C53A-4338-B288-69117C71BC66}.Debug|x86.Build.0 = Debug|Win32
		{87ECBDFE-C53A-4338-B288-69117C71BC66}.Release|x64.ActiveCfg = Release|x64
		{87ECBDFE-C53A-4338-B288-69117C71BC66}.Release|x64.Build.0 = Release|x64
		{87ECBDFE-C53A-4338-B288-69117C71BC66}.Release|x86.ActiveCfg = Release|Win32
		{87ECBDFE-C53A-4338-B288-69117C71BC66}.Release|x86.Build.0 = Release|Win32
	EndGlobalSection
	GlobalSection(SolutionProperties) = preSolution
		HideSolutionNode = FALSE
	EndGlobalSection
	GlobalSection(ExtensibilityGlobals) = postSolution
		SolutionGuid = {C52A60FB-80C4-46CD-A1C6-384DE247C7AD}
	EndGlobalSection
EndGlobal
